
Microsoft Visual Studio Solution File, Format Version 12.00
# Visual Studio Version 16
VisualStudioVersion = 16.0.30717.126
MinimumVisualStudioVersion = 10.0.40219.1
Project("{FAE04EC0-301F-11D3-BF4B-00C04F79EFBC}") = "PrimeraClase.Interfaz", "PrimeraClase.Interfaz\PrimeraClase.Interfaz.csproj", "{36752C2A-99B4-4269-AB81-83F8F3E463EA}"
EndProject
Project("{FAE04EC0-301F-11D3-BF4B-00C04F79EFBC}") = "PrimeraClase.LibreriaClases", "PrimeraClase.LibreriaClases\PrimeraClase.LibreriaClases.csproj", "{A04837AB-E51E-4DDC-B241-36AE01B78BE2}"
EndProject
Global
	GlobalSection(SolutionConfigurationPlatforms) = preSolution
		Debug|Any CPU = Debug|Any CPU
		Release|Any CPU = Release|Any CPU
	EndGlobalSection
	GlobalSection(ProjectConfigurationPlatforms) = postSolution
		{36752C2A-99B4-4269-AB81-83F8F3E463EA}.Debug|Any CPU.ActiveCfg = Debug|Any CPU
		{36752C2A-99B4-4269-AB81-83F8F3E463EA}.Debug|Any CPU.Build.0 = Debug|Any CPU
		{36752C2A-99B4-4269-AB81-83F8F3E463EA}.Release|Any CPU.ActiveCfg = Release|Any CPU
		{36752C2A-99B4-4269-AB81-83F8F3E463EA}.Release|Any CPU.Build.0 = Release|Any CPU
		{A04837AB-E51E-4DDC-B241-36AE01B78BE2}.Debug|Any CPU.ActiveCfg = Debug|Any CPU
		{A04837AB-E51E-4DDC-B241-36AE01B78BE2}.Debug|Any CPU.Build.0 = Debug|Any CPU
		{A04837AB-E51E-4DDC-B241-36AE01B78BE2}.Release|Any CPU.ActiveCfg = Release|Any CPU
		{A04837AB-E51E-4DDC-B241-36AE01B78BE2}.Release|Any CPU.Build.0 = Release|Any CPU
	EndGlobalSection
	GlobalSection(SolutionProperties) = preSolution
		HideSolutionNode = FALSE
	EndGlobalSection
	GlobalSection(ExtensibilityGlobals) = postSolution
		SolutionGuid = {D90354F2-2D4D-4D15-B02D-7EC369B809C1}
	EndGlobalSection
EndGlobal
